// !$*UTF8*$!
{
	archiveVersion = 1;
	classes = {
	};
	objectVersion = 56;
	objects = {

/* Begin PBXBuildFile section */
		B053335F2A10FBD2001B7524 /* FootballPlayerInteractor.swift in Sources */ = {isa = PBXBuildFile; fileRef = B053335E2A10FBD2001B7524 /* FootballPlayerInteractor.swift */; };
		B05333622A10FCCD001B7524 /* FootballPlayerPresenter.swift in Sources */ = {isa = PBXBuildFile; fileRef = B05333612A10FCCD001B7524 /* FootballPlayerPresenter.swift */; };
		B05333642A10FE41001B7524 /* FootballPlayersView.swift in Sources */ = {isa = PBXBuildFile; fileRef = B05333632A10FE41001B7524 /* FootballPlayersView.swift */; };
		B05333672A11102C001B7524 /* FootballPlayersRouter.swift in Sources */ = {isa = PBXBuildFile; fileRef = B05333662A11102C001B7524 /* FootballPlayersRouter.swift */; };
		B053336A2A13C2B5001B7524 /* FootballPlayerDetailPresenter.swift in Sources */ = {isa = PBXBuildFile; fileRef = B05333692A13C2B5001B7524 /* FootballPlayerDetailPresenter.swift */; };
		B053336C2A13C72B001B7524 /* FootballPlayerDetailRouter.swift in Sources */ = {isa = PBXBuildFile; fileRef = B053336B2A13C72B001B7524 /* FootballPlayerDetailRouter.swift */; };
		B053336E2A13C7BC001B7524 /* FootballPlayerDetailInteractor.swift in Sources */ = {isa = PBXBuildFile; fileRef = B053336D2A13C7BC001B7524 /* FootballPlayerDetailInteractor.swift */; };
		B05333712A13E603001B7524 /* FootballPlayerContractPresenter.swift in Sources */ = {isa = PBXBuildFile; fileRef = B05333702A13E603001B7524 /* FootballPlayerContractPresenter.swift */; };
		B05333732A13EE8D001B7524 /* FootballPlayerContractInteractor.swift in Sources */ = {isa = PBXBuildFile; fileRef = B05333722A13EE8D001B7524 /* FootballPlayerContractInteractor.swift */; };
		B05333752A13EEC7001B7524 /* FootballPlayerContractRouter.swift in Sources */ = {isa = PBXBuildFile; fileRef = B05333742A13EEC7001B7524 /* FootballPlayerContractRouter.swift */; };
		B0CA38512A093BBA00779CD0 /* FootballPlayerContractView.swift in Sources */ = {isa = PBXBuildFile; fileRef = B0CA38502A093BB900779CD0 /* FootballPlayerContractView.swift */; };
		B0CA38532A0942D300779CD0 /* FootballPlayerContractEntity.swift in Sources */ = {isa = PBXBuildFile; fileRef = B0CA38522A0942D300779CD0 /* FootballPlayerContractEntity.swift */; };
		B0F353302A06D75C002E8C62 /* AppDelegate.swift in Sources */ = {isa = PBXBuildFile; fileRef = B0F3532F2A06D75C002E8C62 /* AppDelegate.swift */; };
		B0F353342A06D75C002E8C62 /* FootballPlayersViewController.swift in Sources */ = {isa = PBXBuildFile; fileRef = B0F353332A06D75C002E8C62 /* FootballPlayersViewController.swift */; };
		B0F353392A06D75E002E8C62 /* Assets.xcassets in Resources */ = {isa = PBXBuildFile; fileRef = B0F353382A06D75E002E8C62 /* Assets.xcassets */; };
		B0F3533C2A06D75E002E8C62 /* LaunchScreen.storyboard in Resources */ = {isa = PBXBuildFile; fileRef = B0F3533A2A06D75E002E8C62 /* LaunchScreen.storyboard */; };
		B0F353452A06DA18002E8C62 /* FootballPlayerCell.swift in Sources */ = {isa = PBXBuildFile; fileRef = B0F353442A06DA18002E8C62 /* FootballPlayerCell.swift */; };
		B0F353482A06DC2B002E8C62 /* SnapKit in Frameworks */ = {isa = PBXBuildFile; productRef = B0F353472A06DC2B002E8C62 /* SnapKit */; };
		B0F3534A2A06DFD9002E8C62 /* FootballPlayersEntity.swift in Sources */ = {isa = PBXBuildFile; fileRef = B0F353492A06DFD9002E8C62 /* FootballPlayersEntity.swift */; };
		B0F3534D2A06E63C002E8C62 /* FootballPlayerDetailViewController.swift in Sources */ = {isa = PBXBuildFile; fileRef = B0F3534C2A06E63C002E8C62 /* FootballPlayerDetailViewController.swift */; };
		B0F3534F2A0785B8002E8C62 /* FootballPlayerDetailEntity.swift in Sources */ = {isa = PBXBuildFile; fileRef = B0F3534E2A0785B8002E8C62 /* FootballPlayerDetailEntity.swift */; };
		B0F353522A078A55002E8C62 /* FootbalPlayerContractViewController.swift in Sources */ = {isa = PBXBuildFile; fileRef = B0F353512A078A55002E8C62 /* FootbalPlayerContractViewController.swift */; };
		B0F353542A079A0D002E8C62 /* FootballPlayerDetailView.swift in Sources */ = {isa = PBXBuildFile; fileRef = B0F353532A079A0D002E8C62 /* FootballPlayerDetailView.swift */; };
/* End PBXBuildFile section */

/* Begin PBXFileReference section */
		B053335E2A10FBD2001B7524 /* FootballPlayerInteractor.swift */ = {isa = PBXFileReference; lastKnownFileType = sourcecode.swift; path = FootballPlayerInteractor.swift; sourceTree = "<group>"; };
		B05333612A10FCCD001B7524 /* FootballPlayerPresenter.swift */ = {isa = PBXFileReference; lastKnownFileType = sourcecode.swift; path = FootballPlayerPresenter.swift; sourceTree = "<group>"; };
		B05333632A10FE41001B7524 /* FootballPlayersView.swift */ = {isa = PBXFileReference; lastKnownFileType = sourcecode.swift; path = FootballPlayersView.swift; sourceTree = "<group>"; };
		B05333662A11102C001B7524 /* FootballPlayersRouter.swift */ = {isa = PBXFileReference; lastKnownFileType = sourcecode.swift; path = FootballPlayersRouter.swift; sourceTree = "<group>"; };
		B05333692A13C2B5001B7524 /* FootballPlayerDetailPresenter.swift */ = {isa = PBXFileReference; lastKnownFileType = sourcecode.swift; path = FootballPlayerDetailPresenter.swift; sourceTree = "<group>"; };
		B053336B2A13C72B001B7524 /* FootballPlayerDetailRouter.swift */ = {isa = PBXFileReference; lastKnownFileType = sourcecode.swift; path = FootballPlayerDetailRouter.swift; sourceTree = "<group>"; };
		B053336D2A13C7BC001B7524 /* FootballPlayerDetailInteractor.swift */ = {isa = PBXFileReference; lastKnownFileType = sourcecode.swift; path = FootballPlayerDetailInteractor.swift; sourceTree = "<group>"; };
		B05333702A13E603001B7524 /* FootballPlayerContractPresenter.swift */ = {isa = PBXFileReference; lastKnownFileType = sourcecode.swift; path = FootballPlayerContractPresenter.swift; sourceTree = "<group>"; };
		B05333722A13EE8D001B7524 /* FootballPlayerContractInteractor.swift */ = {isa = PBXFileReference; lastKnownFileType = sourcecode.swift; path = FootballPlayerContractInteractor.swift; sourceTree = "<group>"; };
		B05333742A13EEC7001B7524 /* FootballPlayerContractRouter.swift */ = {isa = PBXFileReference; lastKnownFileType = sourcecode.swift; path = FootballPlayerContractRouter.swift; sourceTree = "<group>"; };
		B0CA38502A093BB900779CD0 /* FootballPlayerContractView.swift */ = {isa = PBXFileReference; lastKnownFileType = sourcecode.swift; path = FootballPlayerContractView.swift; sourceTree = "<group>"; };
		B0CA38522A0942D300779CD0 /* FootballPlayerContractEntity.swift */ = {isa = PBXFileReference; lastKnownFileType = sourcecode.swift; path = FootballPlayerContractEntity.swift; sourceTree = "<group>"; };
		B0F3532C2A06D75C002E8C62 /* homework-4.app */ = {isa = PBXFileReference; explicitFileType = wrapper.application; includeInIndex = 0; path = "homework-4.app"; sourceTree = BUILT_PRODUCTS_DIR; };
		B0F3532F2A06D75C002E8C62 /* AppDelegate.swift */ = {isa = PBXFileReference; lastKnownFileType = sourcecode.swift; path = AppDelegate.swift; sourceTree = "<group>"; };
		B0F353332A06D75C002E8C62 /* FootballPlayersViewController.swift */ = {isa = PBXFileReference; lastKnownFileType = sourcecode.swift; path = FootballPlayersViewController.swift; sourceTree = "<group>"; };
		B0F353382A06D75E002E8C62 /* Assets.xcassets */ = {isa = PBXFileReference; lastKnownFileType = folder.assetcatalog; path = Assets.xcassets; sourceTree = "<group>"; };
		B0F3533B2A06D75E002E8C62 /* Base */ = {isa = PBXFileReference; lastKnownFileType = file.storyboard; name = Base; path = Base.lproj/LaunchScreen.storyboard; sourceTree = "<group>"; };
		B0F3533D2A06D75E002E8C62 /* Info.plist */ = {isa = PBXFileReference; lastKnownFileType = text.plist.xml; path = Info.plist; sourceTree = "<group>"; };
		B0F353442A06DA18002E8C62 /* FootballPlayerCell.swift */ = {isa = PBXFileReference; lastKnownFileType = sourcecode.swift; path = FootballPlayerCell.swift; sourceTree = "<group>"; };
		B0F353492A06DFD9002E8C62 /* FootballPlayersEntity.swift */ = {isa = PBXFileReference; lastKnownFileType = sourcecode.swift; path = FootballPlayersEntity.swift; sourceTree = "<group>"; };
		B0F3534C2A06E63C002E8C62 /* FootballPlayerDetailViewController.swift */ = {isa = PBXFileReference; lastKnownFileType = sourcecode.swift; path = FootballPlayerDetailViewController.swift; sourceTree = "<group>"; };
		B0F3534E2A0785B8002E8C62 /* FootballPlayerDetailEntity.swift */ = {isa = PBXFileReference; lastKnownFileType = sourcecode.swift; path = FootballPlayerDetailEntity.swift; sourceTree = "<group>"; };
		B0F353512A078A55002E8C62 /* FootbalPlayerContractViewController.swift */ = {isa = PBXFileReference; lastKnownFileType = sourcecode.swift; path = FootbalPlayerContractViewController.swift; sourceTree = "<group>"; };
		B0F353532A079A0D002E8C62 /* FootballPlayerDetailView.swift */ = {isa = PBXFileReference; lastKnownFileType = sourcecode.swift; path = FootballPlayerDetailView.swift; sourceTree = "<group>"; };
/* End PBXFileReference section */

/* Begin PBXFrameworksBuildPhase section */
		B0F353292A06D75C002E8C62 /* Frameworks */ = {
			isa = PBXFrameworksBuildPhase;
			buildActionMask = 2147483647;
			files = (
				B0F353482A06DC2B002E8C62 /* SnapKit in Frameworks */,
			);
			runOnlyForDeploymentPostprocessing = 0;
		};
/* End PBXFrameworksBuildPhase section */

/* Begin PBXGroup section */
		B053335C2A10FAAD001B7524 /* FootballPlayerView */ = {
			isa = PBXGroup;
			children = (
				B0F353332A06D75C002E8C62 /* FootballPlayersViewController.swift */,
				B05333632A10FE41001B7524 /* FootballPlayersView.swift */,
				B0F353442A06DA18002E8C62 /* FootballPlayerCell.swift */,
			);
			path = FootballPlayerView;
			sourceTree = "<group>";
		};
		B05333682A13BF2E001B7524 /* FootballPlayerDetailView */ = {
			isa = PBXGroup;
			children = (
				B0F3534C2A06E63C002E8C62 /* FootballPlayerDetailViewController.swift */,
				B0F353532A079A0D002E8C62 /* FootballPlayerDetailView.swift */,
			);
			path = FootballPlayerDetailView;
			sourceTree = "<group>";
		};
		B053336F2A13E5CE001B7524 /* FootballPlayerContractView */ = {
			isa = PBXGroup;
			children = (
				B0F353512A078A55002E8C62 /* FootbalPlayerContractViewController.swift */,
				B0CA38502A093BB900779CD0 /* FootballPlayerContractView.swift */,
			);
			path = FootballPlayerContractView;
			sourceTree = "<group>";
		};
		B0F353232A06D75C002E8C62 = {
			isa = PBXGroup;
			children = (
				B0F3532E2A06D75C002E8C62 /* homework-4 */,
				B0F3532D2A06D75C002E8C62 /* Products */,
			);
			sourceTree = "<group>";
		};
		B0F3532D2A06D75C002E8C62 /* Products */ = {
			isa = PBXGroup;
			children = (
				B0F3532C2A06D75C002E8C62 /* homework-4.app */,
			);
			name = Products;
			sourceTree = "<group>";
		};
		B0F3532E2A06D75C002E8C62 /* homework-4 */ = {
			isa = PBXGroup;
			children = (
				B0F3532F2A06D75C002E8C62 /* AppDelegate.swift */,
				B0F353502A0789F3002E8C62 /* FootballPlayerContractScreen */,
				B0F3534B2A06E5EE002E8C62 /* FootballPlayerDetailScreen */,
				B0F353432A06D9BE002E8C62 /* FootballPlayersScreen */,
				B0F353382A06D75E002E8C62 /* Assets.xcassets */,
				B0F3533A2A06D75E002E8C62 /* LaunchScreen.storyboard */,
				B0F3533D2A06D75E002E8C62 /* Info.plist */,
			);
			path = "homework-4";
			sourceTree = "<group>";
		};
		B0F353432A06D9BE002E8C62 /* FootballPlayersScreen */ = {
			isa = PBXGroup;
			children = (
				B053335C2A10FAAD001B7524 /* FootballPlayerView */,
				B05333662A11102C001B7524 /* FootballPlayersRouter.swift */,
				B05333612A10FCCD001B7524 /* FootballPlayerPresenter.swift */,
				B053335E2A10FBD2001B7524 /* FootballPlayerInteractor.swift */,
				B0F353492A06DFD9002E8C62 /* FootballPlayersEntity.swift */,
			);
			path = FootballPlayersScreen;
			sourceTree = "<group>";
		};
		B0F3534B2A06E5EE002E8C62 /* FootballPlayerDetailScreen */ = {
			isa = PBXGroup;
			children = (
				B05333682A13BF2E001B7524 /* FootballPlayerDetailView */,
				B0F3534E2A0785B8002E8C62 /* FootballPlayerDetailEntity.swift */,
				B05333692A13C2B5001B7524 /* FootballPlayerDetailPresenter.swift */,
				B053336B2A13C72B001B7524 /* FootballPlayerDetailRouter.swift */,
				B053336D2A13C7BC001B7524 /* FootballPlayerDetailInteractor.swift */,
			);
			path = FootballPlayerDetailScreen;
			sourceTree = "<group>";
		};
		B0F353502A0789F3002E8C62 /* FootballPlayerContractScreen */ = {
			isa = PBXGroup;
			children = (
				B053336F2A13E5CE001B7524 /* FootballPlayerContractView */,
				B05333702A13E603001B7524 /* FootballPlayerContractPresenter.swift */,
				B0CA38522A0942D300779CD0 /* FootballPlayerContractEntity.swift */,
				B05333722A13EE8D001B7524 /* FootballPlayerContractInteractor.swift */,
				B05333742A13EEC7001B7524 /* FootballPlayerContractRouter.swift */,
			);
			path = FootballPlayerContractScreen;
			sourceTree = "<group>";
		};
/* End PBXGroup section */

/* Begin PBXNativeTarget section */
		B0F3532B2A06D75C002E8C62 /* homework-4 */ = {
			isa = PBXNativeTarget;
			buildConfigurationList = B0F353402A06D75E002E8C62 /* Build configuration list for PBXNativeTarget "homework-4" */;
			buildPhases = (
				B0F353282A06D75C002E8C62 /* Sources */,
				B0F353292A06D75C002E8C62 /* Frameworks */,
				B0F3532A2A06D75C002E8C62 /* Resources */,
			);
			buildRules = (
			);
			dependencies = (
			);
			name = "homework-4";
			packageProductDependencies = (
				B0F353472A06DC2B002E8C62 /* SnapKit */,
			);
			productName = "homework-4";
			productReference = B0F3532C2A06D75C002E8C62 /* homework-4.app */;
			productType = "com.apple.product-type.application";
		};
/* End PBXNativeTarget section */

/* Begin PBXProject section */
		B0F353242A06D75C002E8C62 /* Project object */ = {
			isa = PBXProject;
			attributes = {
				BuildIndependentTargetsInParallel = 1;
				LastSwiftUpdateCheck = 1420;
				LastUpgradeCheck = 1420;
				TargetAttributes = {
					B0F3532B2A06D75C002E8C62 = {
						CreatedOnToolsVersion = 14.2;
					};
				};
			};
			buildConfigurationList = B0F353272A06D75C002E8C62 /* Build configuration list for PBXProject "homework-4" */;
			compatibilityVersion = "Xcode 14.0";
			developmentRegion = en;
			hasScannedForEncodings = 0;
			knownRegions = (
				en,
				Base,
			);
			mainGroup = B0F353232A06D75C002E8C62;
			packageReferences = (
				B0F353462A06DC2B002E8C62 /* XCRemoteSwiftPackageReference "SnapKit" */,
			);
			productRefGroup = B0F3532D2A06D75C002E8C62 /* Products */;
			projectDirPath = "";
			projectRoot = "";
			targets = (
				B0F3532B2A06D75C002E8C62 /* homework-4 */,
			);
		};
/* End PBXProject section */

/* Begin PBXResourcesBuildPhase section */
		B0F3532A2A06D75C002E8C62 /* Resources */ = {
			isa = PBXResourcesBuildPhase;
			buildActionMask = 2147483647;
			files = (
				B0F3533C2A06D75E002E8C62 /* LaunchScreen.storyboard in Resources */,
				B0F353392A06D75E002E8C62 /* Assets.xcassets in Resources */,
			);
			runOnlyForDeploymentPostprocessing = 0;
		};
/* End PBXResourcesBuildPhase section */

/* Begin PBXSourcesBuildPhase section */
		B0F353282A06D75C002E8C62 /* Sources */ = {
			isa = PBXSourcesBuildPhase;
			buildActionMask = 2147483647;
			files = (
				B053336A2A13C2B5001B7524 /* FootballPlayerDetailPresenter.swift in Sources */,
				B05333672A11102C001B7524 /* FootballPlayersRouter.swift in Sources */,
				B0F353522A078A55002E8C62 /* FootbalPlayerContractViewController.swift in Sources */,
				B0CA38512A093BBA00779CD0 /* FootballPlayerContractView.swift in Sources */,
				B05333752A13EEC7001B7524 /* FootballPlayerContractRouter.swift in Sources */,
				B0CA38532A0942D300779CD0 /* FootballPlayerContractEntity.swift in Sources */,
				B0F3534A2A06DFD9002E8C62 /* FootballPlayersEntity.swift in Sources */,
				B0F3534F2A0785B8002E8C62 /* FootballPlayerDetailEntity.swift in Sources */,
				B0F3534D2A06E63C002E8C62 /* FootballPlayerDetailViewController.swift in Sources */,
				B0F353452A06DA18002E8C62 /* FootballPlayerCell.swift in Sources */,
				B05333642A10FE41001B7524 /* FootballPlayersView.swift in Sources */,
				B0F353342A06D75C002E8C62 /* FootballPlayersViewController.swift in Sources */,
				B05333622A10FCCD001B7524 /* FootballPlayerPresenter.swift in Sources */,
				B05333712A13E603001B7524 /* FootballPlayerContractPresenter.swift in Sources */,
				B05333732A13EE8D001B7524 /* FootballPlayerContractInteractor.swift in Sources */,
				B0F353302A06D75C002E8C62 /* AppDelegate.swift in Sources */,
				B053336E2A13C7BC001B7524 /* FootballPlayerDetailInteractor.swift in Sources */,
				B0F353542A079A0D002E8C62 /* FootballPlayerDetailView.swift in Sources */,
				B053336C2A13C72B001B7524 /* FootballPlayerDetailRouter.swift in Sources */,
				B053335F2A10FBD2001B7524 /* FootballPlayerInteractor.swift in Sources */,
			);
			runOnlyForDeploymentPostprocessing = 0;
		};
/* End PBXSourcesBuildPhase section */

/* Begin PBXVariantGroup section */
		B0F3533A2A06D75E002E8C62 /* LaunchScreen.storyboard */ = {
			isa = PBXVariantGroup;
			children = (
				B0F3533B2A06D75E002E8C62 /* Base */,
			);
			name = LaunchScreen.storyboard;
			sourceTree = "<group>";
		};
/* End PBXVariantGroup section */

/* Begin XCBuildConfiguration section */
		B0F3533E2A06D75E002E8C62 /* Debug */ = {
			isa = XCBuildConfiguration;
			buildSettings = {
				ALWAYS_SEARCH_USER_PATHS = NO;
				CLANG_ANALYZER_NONNULL = YES;
				CLANG_ANALYZER_NUMBER_OBJECT_CONVERSION = YES_AGGRESSIVE;
				CLANG_CXX_LANGUAGE_STANDARD = "gnu++20";
				CLANG_ENABLE_MODULES = YES;
				CLANG_ENABLE_OBJC_ARC = YES;
				CLANG_ENABLE_OBJC_WEAK = YES;
				CLANG_WARN_BLOCK_CAPTURE_AUTORELEASING = YES;
				CLANG_WARN_BOOL_CONVERSION = YES;
				CLANG_WARN_COMMA = YES;
				CLANG_WARN_CONSTANT_CONVERSION = YES;
				CLANG_WARN_DEPRECATED_OBJC_IMPLEMENTATIONS = YES;
				CLANG_WARN_DIRECT_OBJC_ISA_USAGE = YES_ERROR;
				CLANG_WARN_DOCUMENTATION_COMMENTS = YES;
				CLANG_WARN_EMPTY_BODY = YES;
				CLANG_WARN_ENUM_CONVERSION = YES;
				CLANG_WARN_INFINITE_RECURSION = YES;
				CLANG_WARN_INT_CONVERSION = YES;
				CLANG_WARN_NON_LITERAL_NULL_CONVERSION = YES;
				CLANG_WARN_OBJC_IMPLICIT_RETAIN_SELF = YES;
				CLANG_WARN_OBJC_LITERAL_CONVERSION = YES;
				CLANG_WARN_OBJC_ROOT_CLASS = YES_ERROR;
				CLANG_WARN_QUOTED_INCLUDE_IN_FRAMEWORK_HEADER = YES;
				CLANG_WARN_RANGE_LOOP_ANALYSIS = YES;
				CLANG_WARN_STRICT_PROTOTYPES = YES;
				CLANG_WARN_SUSPICIOUS_MOVE = YES;
				CLANG_WARN_UNGUARDED_AVAILABILITY = YES_AGGRESSIVE;
				CLANG_WARN_UNREACHABLE_CODE = YES;
				CLANG_WARN__DUPLICATE_METHOD_MATCH = YES;
				COPY_PHASE_STRIP = NO;
				DEBUG_INFORMATION_FORMAT = dwarf;
				ENABLE_STRICT_OBJC_MSGSEND = YES;
				ENABLE_TESTABILITY = YES;
				GCC_C_LANGUAGE_STANDARD = gnu11;
				GCC_DYNAMIC_NO_PIC = NO;
				GCC_NO_COMMON_BLOCKS = YES;
				GCC_OPTIMIZATION_LEVEL = 0;
				GCC_PREPROCESSOR_DEFINITIONS = (
					"DEBUG=1",
					"$(inherited)",
				);
				GCC_WARN_64_TO_32_BIT_CONVERSION = YES;
				GCC_WARN_ABOUT_RETURN_TYPE = YES_ERROR;
				GCC_WARN_UNDECLARED_SELECTOR = YES;
				GCC_WARN_UNINITIALIZED_AUTOS = YES_AGGRESSIVE;
				GCC_WARN_UNUSED_FUNCTION = YES;
				GCC_WARN_UNUSED_VARIABLE = YES;
				IPHONEOS_DEPLOYMENT_TARGET = 16.2;
				MTL_ENABLE_DEBUG_INFO = INCLUDE_SOURCE;
				MTL_FAST_MATH = YES;
				ONLY_ACTIVE_ARCH = YES;
				SDKROOT = iphoneos;
				SWIFT_ACTIVE_COMPILATION_CONDITIONS = DEBUG;
				SWIFT_OPTIMIZATION_LEVEL = "-Onone";
			};
			name = Debug;
		};
		B0F3533F2A06D75E002E8C62 /* Release */ = {
			isa = XCBuildConfiguration;
			buildSettings = {
				ALWAYS_SEARCH_USER_PATHS = NO;
				CLANG_ANALYZER_NONNULL = YES;
				CLANG_ANALYZER_NUMBER_OBJECT_CONVERSION = YES_AGGRESSIVE;
				CLANG_CXX_LANGUAGE_STANDARD = "gnu++20";
				CLANG_ENABLE_MODULES = YES;
				CLANG_ENABLE_OBJC_ARC = YES;
				CLANG_ENABLE_OBJC_WEAK = YES;
				CLANG_WARN_BLOCK_CAPTURE_AUTORELEASING = YES;
				CLANG_WARN_BOOL_CONVERSION = YES;
				CLANG_WARN_COMMA = YES;
				CLANG_WARN_CONSTANT_CONVERSION = YES;
				CLANG_WARN_DEPRECATED_OBJC_IMPLEMENTATIONS = YES;
				CLANG_WARN_DIRECT_OBJC_ISA_USAGE = YES_ERROR;
				CLANG_WARN_DOCUMENTATION_COMMENTS = YES;
				CLANG_WARN_EMPTY_BODY = YES;
				CLANG_WARN_ENUM_CONVERSION = YES;
				CLANG_WARN_INFINITE_RECURSION = YES;
				CLANG_WARN_INT_CONVERSION = YES;
				CLANG_WARN_NON_LITERAL_NULL_CONVERSION = YES;
				CLANG_WARN_OBJC_IMPLICIT_RETAIN_SELF = YES;
				CLANG_WARN_OBJC_LITERAL_CONVERSION = YES;
				CLANG_WARN_OBJC_ROOT_CLASS = YES_ERROR;
				CLANG_WARN_QUOTED_INCLUDE_IN_FRAMEWORK_HEADER = YES;
				CLANG_WARN_RANGE_LOOP_ANALYSIS = YES;
				CLANG_WARN_STRICT_PROTOTYPES = YES;
				CLANG_WARN_SUSPICIOUS_MOVE = YES;
				CLANG_WARN_UNGUARDED_AVAILABILITY = YES_AGGRESSIVE;
				CLANG_WARN_UNREACHABLE_CODE = YES;
				CLANG_WARN__DUPLICATE_METHOD_MATCH = YES;
				COPY_PHASE_STRIP = NO;
				DEBUG_INFORMATION_FORMAT = "dwarf-with-dsym";
				ENABLE_NS_ASSERTIONS = NO;
				ENABLE_STRICT_OBJC_MSGSEND = YES;
				GCC_C_LANGUAGE_STANDARD = gnu11;
				GCC_NO_COMMON_BLOCKS = YES;
				GCC_WARN_64_TO_32_BIT_CONVERSION = YES;
				GCC_WARN_ABOUT_RETURN_TYPE = YES_ERROR;
				GCC_WARN_UNDECLARED_SELECTOR = YES;
				GCC_WARN_UNINITIALIZED_AUTOS = YES_AGGRESSIVE;
				GCC_WARN_UNUSED_FUNCTION = YES;
				GCC_WARN_UNUSED_VARIABLE = YES;
				IPHONEOS_DEPLOYMENT_TARGET = 16.2;
				MTL_ENABLE_DEBUG_INFO = NO;
				MTL_FAST_MATH = YES;
				SDKROOT = iphoneos;
				SWIFT_COMPILATION_MODE = wholemodule;
				SWIFT_OPTIMIZATION_LEVEL = "-O";
				VALIDATE_PRODUCT = YES;
			};
			name = Release;
		};
		B0F353412A06D75E002E8C62 /* Debug */ = {
			isa = XCBuildConfiguration;
			buildSettings = {
				ASSETCATALOG_COMPILER_APPICON_NAME = AppIcon;
				ASSETCATALOG_COMPILER_GLOBAL_ACCENT_COLOR_NAME = AccentColor;
				CODE_SIGN_STYLE = Automatic;
				CURRENT_PROJECT_VERSION = 1;
				DEVELOPMENT_TEAM = 6HVH2XY748;
				GENERATE_INFOPLIST_FILE = YES;
				INFOPLIST_FILE = "homework-4/Info.plist";
				INFOPLIST_KEY_UIApplicationSupportsIndirectInputEvents = YES;
				INFOPLIST_KEY_UILaunchStoryboardName = LaunchScreen;
				INFOPLIST_KEY_UISupportedInterfaceOrientations_iPad = "UIInterfaceOrientationPortrait UIInterfaceOrientationPortraitUpsideDown UIInterfaceOrientationLandscapeLeft UIInterfaceOrientationLandscapeRight";
				INFOPLIST_KEY_UISupportedInterfaceOrientations_iPhone = "UIInterfaceOrientationPortrait UIInterfaceOrientationLandscapeLeft UIInterfaceOrientationLandscapeRight";
				LD_RUNPATH_SEARCH_PATHS = (
					"$(inherited)",
					"@executable_path/Frameworks",
				);
				MARKETING_VERSION = 1.0;
				PRODUCT_BUNDLE_IDENTIFIER = "iamkabulov.homework-4";
				PRODUCT_NAME = "$(TARGET_NAME)";
				SWIFT_EMIT_LOC_STRINGS = YES;
				SWIFT_VERSION = 5.0;
				TARGETED_DEVICE_FAMILY = "1,2";
			};
			name = Debug;
		};
		B0F353422A06D75E002E8C62 /* Release */ = {
			isa = XCBuildConfiguration;
			buildSettings = {
				ASSETCATALOG_COMPILER_APPICON_NAME = AppIcon;
				ASSETCATALOG_COMPILER_GLOBAL_ACCENT_COLOR_NAME = AccentColor;
				CODE_SIGN_STYLE = Automatic;
				CURRENT_PROJECT_VERSION = 1;
				DEVELOPMENT_TEAM = 6HVH2XY748;
				GENERATE_INFOPLIST_FILE = YES;
				INFOPLIST_FILE = "homework-4/Info.plist";
				INFOPLIST_KEY_UIApplicationSupportsIndirectInputEvents = YES;
				INFOPLIST_KEY_UILaunchStoryboardName = LaunchScreen;
				INFOPLIST_KEY_UISupportedInterfaceOrientations_iPad = "UIInterfaceOrientationPortrait UIInterfaceOrientationPortraitUpsideDown UIInterfaceOrientationLandscapeLeft UIInterfaceOrientationLandscapeRight";
				INFOPLIST_KEY_UISupportedInterfaceOrientations_iPhone = "UIInterfaceOrientationPortrait UIInterfaceOrientationLandscapeLeft UIInterfaceOrientationLandscapeRight";
				LD_RUNPATH_SEARCH_PATHS = (
					"$(inherited)",
					"@executable_path/Frameworks",
				);
				MARKETING_VERSION = 1.0;
				PRODUCT_BUNDLE_IDENTIFIER = "iamkabulov.homework-4";
				PRODUCT_NAME = "$(TARGET_NAME)";
				SWIFT_EMIT_LOC_STRINGS = YES;
				SWIFT_VERSION = 5.0;
				TARGETED_DEVICE_FAMILY = "1,2";
			};
			name = Release;
		};
/* End XCBuildConfiguration section */

/* Begin XCConfigurationList section */
		B0F353272A06D75C002E8C62 /* Build configuration list for PBXProject "homework-4" */ = {
			isa = XCConfigurationList;
			buildConfigurations = (
				B0F3533E2A06D75E002E8C62 /* Debug */,
				B0F3533F2A06D75E002E8C62 /* Release */,
			);
			defaultConfigurationIsVisible = 0;
			defaultConfigurationName = Release;
		};
		B0F353402A06D75E002E8C62 /* Build configuration list for PBXNativeTarget "homework-4" */ = {
			isa = XCConfigurationList;
			buildConfigurations = (
				B0F353412A06D75E002E8C62 /* Debug */,
				B0F353422A06D75E002E8C62 /* Release */,
			);
			defaultConfigurationIsVisible = 0;
			defaultConfigurationName = Release;
		};
/* End XCConfigurationList section */

/* Begin XCRemoteSwiftPackageReference section */
		B0F353462A06DC2B002E8C62 /* XCRemoteSwiftPackageReference "SnapKit" */ = {
			isa = XCRemoteSwiftPackageReference;
			repositoryURL = "https://github.com/SnapKit/SnapKit";
			requirement = {
				kind = upToNextMinorVersion;
				minimumVersion = 5.6.0;
			};
		};
/* End XCRemoteSwiftPackageReference section */

/* Begin XCSwiftPackageProductDependency section */
		B0F353472A06DC2B002E8C62 /* SnapKit */ = {
			isa = XCSwiftPackageProductDependency;
			package = B0F353462A06DC2B002E8C62 /* XCRemoteSwiftPackageReference "SnapKit" */;
			productName = SnapKit;
		};
/* End XCSwiftPackageProductDependency section */
	};
	rootObject = B0F353242A06D75C002E8C62 /* Project object */;
}
