// !$*UTF8*$!
{
	archiveVersion = 1;
	classes = {
	};
	objectVersion = 56;
	objects = {

/* Begin PBXBuildFile section */
		B0642E2A2A20B3440017D483 /* AppDelegate.swift in Sources */ = {isa = PBXBuildFile; fileRef = B0642E292A20B3440017D483 /* AppDelegate.swift */; };
		B0642E2C2A20B3440017D483 /* SceneDelegate.swift in Sources */ = {isa = PBXBuildFile; fileRef = B0642E2B2A20B3440017D483 /* SceneDelegate.swift */; };
		B0642E2E2A20B3440017D483 /* ImagesListViewController.swift in Sources */ = {isa = PBXBuildFile; fileRef = B0642E2D2A20B3440017D483 /* ImagesListViewController.swift */; };
		B0642E332A20B3480017D483 /* Assets.xcassets in Resources */ = {isa = PBXBuildFile; fileRef = B0642E322A20B3480017D483 /* Assets.xcassets */; };
		B0642E362A20B3480017D483 /* LaunchScreen.storyboard in Resources */ = {isa = PBXBuildFile; fileRef = B0642E342A20B3480017D483 /* LaunchScreen.storyboard */; };
		B0642E402A20B5F20017D483 /* ImagesListEntity.swift in Sources */ = {isa = PBXBuildFile; fileRef = B0642E3F2A20B5F20017D483 /* ImagesListEntity.swift */; };
		B0642E422A20B6800017D483 /* ImagesListInteractor.swift in Sources */ = {isa = PBXBuildFile; fileRef = B0642E412A20B6800017D483 /* ImagesListInteractor.swift */; };
		B0642E442A20B6960017D483 /* ImagesListPresenter.swift in Sources */ = {isa = PBXBuildFile; fileRef = B0642E432A20B6960017D483 /* ImagesListPresenter.swift */; };
		B0642E462A20B6D20017D483 /* ImagesListRouter.swift in Sources */ = {isa = PBXBuildFile; fileRef = B0642E452A20B6D20017D483 /* ImagesListRouter.swift */; };
		B0642E482A20B7000017D483 /* ImagesListInteractor+Networking.swift in Sources */ = {isa = PBXBuildFile; fileRef = B0642E472A20B7000017D483 /* ImagesListInteractor+Networking.swift */; };
		B0642E4A2A20B7850017D483 /* ImagesListCellView.swift in Sources */ = {isa = PBXBuildFile; fileRef = B0642E492A20B7850017D483 /* ImagesListCellView.swift */; };
		B0642E4C2A20E1D60017D483 /* ImagesListLoadingCellView.swift in Sources */ = {isa = PBXBuildFile; fileRef = B0642E4B2A20E1D60017D483 /* ImagesListLoadingCellView.swift */; };
		B0642E502A2111D40017D483 /* ImagesListView.swift in Sources */ = {isa = PBXBuildFile; fileRef = B0642E4F2A2111D40017D483 /* ImagesListView.swift */; };
		B0EB050C2A31BC5200033E30 /* Model.xcdatamodeld in Sources */ = {isa = PBXBuildFile; fileRef = B0EB050A2A31BC5200033E30 /* Model.xcdatamodeld */; };
		B0EB05102A31BE2A00033E30 /* Image+CoreDataClass.swift in Sources */ = {isa = PBXBuildFile; fileRef = B0EB050E2A31BE2A00033E30 /* Image+CoreDataClass.swift */; };
		B0EB05132A31F50800033E30 /* Image+CoreDataProperties.swift in Sources */ = {isa = PBXBuildFile; fileRef = B0EB05122A31F50800033E30 /* Image+CoreDataProperties.swift */; };
/* End PBXBuildFile section */

/* Begin PBXFileReference section */
		B0642E262A20B3440017D483 /* homework-7.app */ = {isa = PBXFileReference; explicitFileType = wrapper.application; includeInIndex = 0; path = "homework-7.app"; sourceTree = BUILT_PRODUCTS_DIR; };
		B0642E292A20B3440017D483 /* AppDelegate.swift */ = {isa = PBXFileReference; lastKnownFileType = sourcecode.swift; path = AppDelegate.swift; sourceTree = "<group>"; };
		B0642E2B2A20B3440017D483 /* SceneDelegate.swift */ = {isa = PBXFileReference; lastKnownFileType = sourcecode.swift; path = SceneDelegate.swift; sourceTree = "<group>"; };
		B0642E2D2A20B3440017D483 /* ImagesListViewController.swift */ = {isa = PBXFileReference; lastKnownFileType = sourcecode.swift; path = ImagesListViewController.swift; sourceTree = "<group>"; };
		B0642E322A20B3480017D483 /* Assets.xcassets */ = {isa = PBXFileReference; lastKnownFileType = folder.assetcatalog; path = Assets.xcassets; sourceTree = "<group>"; };
		B0642E352A20B3480017D483 /* Base */ = {isa = PBXFileReference; lastKnownFileType = file.storyboard; name = Base; path = Base.lproj/LaunchScreen.storyboard; sourceTree = "<group>"; };
		B0642E372A20B3480017D483 /* Info.plist */ = {isa = PBXFileReference; lastKnownFileType = text.plist.xml; path = Info.plist; sourceTree = "<group>"; };
		B0642E3F2A20B5F20017D483 /* ImagesListEntity.swift */ = {isa = PBXFileReference; lastKnownFileType = sourcecode.swift; path = ImagesListEntity.swift; sourceTree = "<group>"; };
		B0642E412A20B6800017D483 /* ImagesListInteractor.swift */ = {isa = PBXFileReference; lastKnownFileType = sourcecode.swift; path = ImagesListInteractor.swift; sourceTree = "<group>"; };
		B0642E432A20B6960017D483 /* ImagesListPresenter.swift */ = {isa = PBXFileReference; lastKnownFileType = sourcecode.swift; path = ImagesListPresenter.swift; sourceTree = "<group>"; };
		B0642E452A20B6D20017D483 /* ImagesListRouter.swift */ = {isa = PBXFileReference; lastKnownFileType = sourcecode.swift; path = ImagesListRouter.swift; sourceTree = "<group>"; };
		B0642E472A20B7000017D483 /* ImagesListInteractor+Networking.swift */ = {isa = PBXFileReference; lastKnownFileType = sourcecode.swift; path = "ImagesListInteractor+Networking.swift"; sourceTree = "<group>"; };
		B0642E492A20B7850017D483 /* ImagesListCellView.swift */ = {isa = PBXFileReference; lastKnownFileType = sourcecode.swift; path = ImagesListCellView.swift; sourceTree = "<group>"; };
		B0642E4B2A20E1D60017D483 /* ImagesListLoadingCellView.swift */ = {isa = PBXFileReference; lastKnownFileType = sourcecode.swift; path = ImagesListLoadingCellView.swift; sourceTree = "<group>"; };
		B0642E4F2A2111D40017D483 /* ImagesListView.swift */ = {isa = PBXFileReference; lastKnownFileType = sourcecode.swift; path = ImagesListView.swift; sourceTree = "<group>"; };
		B0EB050B2A31BC5200033E30 /* Model.xcdatamodel */ = {isa = PBXFileReference; lastKnownFileType = wrapper.xcdatamodel; path = Model.xcdatamodel; sourceTree = "<group>"; };
		B0EB050E2A31BE2A00033E30 /* Image+CoreDataClass.swift */ = {isa = PBXFileReference; lastKnownFileType = sourcecode.swift; name = "Image+CoreDataClass.swift"; path = "../../Image+CoreDataClass.swift"; sourceTree = "<group>"; };
		B0EB05122A31F50800033E30 /* Image+CoreDataProperties.swift */ = {isa = PBXFileReference; lastKnownFileType = sourcecode.swift; path = "Image+CoreDataProperties.swift"; sourceTree = "<group>"; };
/* End PBXFileReference section */

/* Begin PBXFrameworksBuildPhase section */
		B0642E232A20B3440017D483 /* Frameworks */ = {
			isa = PBXFrameworksBuildPhase;
			buildActionMask = 2147483647;
			files = (
			);
			runOnlyForDeploymentPostprocessing = 0;
		};
/* End PBXFrameworksBuildPhase section */

/* Begin PBXGroup section */
		B0642E1D2A20B3440017D483 = {
			isa = PBXGroup;
			children = (
				B0642E282A20B3440017D483 /* homework-7 */,
				B0642E272A20B3440017D483 /* Products */,
			);
			sourceTree = "<group>";
		};
		B0642E272A20B3440017D483 /* Products */ = {
			isa = PBXGroup;
			children = (
				B0642E262A20B3440017D483 /* homework-7.app */,
			);
			name = Products;
			sourceTree = "<group>";
		};
		B0642E282A20B3440017D483 /* homework-7 */ = {
			isa = PBXGroup;
			children = (
				B0642E292A20B3440017D483 /* AppDelegate.swift */,
				B0642E3E2A20B50D0017D483 /* ImagesList */,
				B0642E3D2A20B4CC0017D483 /* Utils */,
			);
			path = "homework-7";
			sourceTree = "<group>";
		};
		B0642E3D2A20B4CC0017D483 /* Utils */ = {
			isa = PBXGroup;
			children = (
				B0642E2B2A20B3440017D483 /* SceneDelegate.swift */,
				B0642E322A20B3480017D483 /* Assets.xcassets */,
				B0642E342A20B3480017D483 /* LaunchScreen.storyboard */,
				B0642E372A20B3480017D483 /* Info.plist */,
			);
			name = Utils;
			sourceTree = "<group>";
		};
		B0642E3E2A20B50D0017D483 /* ImagesList */ = {
			isa = PBXGroup;
			children = (
				B0EB050D2A31BDC500033E30 /* ImagesListEntity */,
				B09535C72A25E2DE00D7531C /* ImagesListView */,
				B0642E412A20B6800017D483 /* ImagesListInteractor.swift */,
				B0642E472A20B7000017D483 /* ImagesListInteractor+Networking.swift */,
				B0642E432A20B6960017D483 /* ImagesListPresenter.swift */,
				B0642E452A20B6D20017D483 /* ImagesListRouter.swift */,
			);
			name = ImagesList;
			sourceTree = "<group>";
		};
		B09535C72A25E2DE00D7531C /* ImagesListView */ = {
			isa = PBXGroup;
			children = (
				B0642E4B2A20E1D60017D483 /* ImagesListLoadingCellView.swift */,
				B0642E492A20B7850017D483 /* ImagesListCellView.swift */,
				B0642E4F2A2111D40017D483 /* ImagesListView.swift */,
				B0642E2D2A20B3440017D483 /* ImagesListViewController.swift */,
			);
			name = ImagesListView;
			sourceTree = "<group>";
		};
		B0EB050D2A31BDC500033E30 /* ImagesListEntity */ = {
			isa = PBXGroup;
			children = (
				B0EB050E2A31BE2A00033E30 /* Image+CoreDataClass.swift */,
				B0EB05122A31F50800033E30 /* Image+CoreDataProperties.swift */,
				B0642E3F2A20B5F20017D483 /* ImagesListEntity.swift */,
				B0EB050A2A31BC5200033E30 /* Model.xcdatamodeld */,
			);
			name = ImagesListEntity;
			sourceTree = "<group>";
		};
/* End PBXGroup section */

/* Begin PBXNativeTarget section */
		B0642E252A20B3440017D483 /* homework-7 */ = {
			isa = PBXNativeTarget;
			buildConfigurationList = B0642E3A2A20B3480017D483 /* Build configuration list for PBXNativeTarget "homework-7" */;
			buildPhases = (
				B0642E222A20B3440017D483 /* Sources */,
				B0642E232A20B3440017D483 /* Frameworks */,
				B0642E242A20B3440017D483 /* Resources */,
			);
			buildRules = (
			);
			dependencies = (
			);
			name = "homework-7";
			productName = "homework-7";
			productReference = B0642E262A20B3440017D483 /* homework-7.app */;
			productType = "com.apple.product-type.application";
		};
/* End PBXNativeTarget section */

/* Begin PBXProject section */
		B0642E1E2A20B3440017D483 /* Project object */ = {
			isa = PBXProject;
			attributes = {
				BuildIndependentTargetsInParallel = 1;
				LastSwiftUpdateCheck = 1420;
				LastUpgradeCheck = 1420;
				TargetAttributes = {
					B0642E252A20B3440017D483 = {
						CreatedOnToolsVersion = 14.2;
					};
				};
			};
			buildConfigurationList = B0642E212A20B3440017D483 /* Build configuration list for PBXProject "homework-7" */;
			compatibilityVersion = "Xcode 14.0";
			developmentRegion = en;
			hasScannedForEncodings = 0;
			knownRegions = (
				en,
				Base,
			);
			mainGroup = B0642E1D2A20B3440017D483;
			productRefGroup = B0642E272A20B3440017D483 /* Products */;
			projectDirPath = "";
			projectRoot = "";
			targets = (
				B0642E252A20B3440017D483 /* homework-7 */,
			);
		};
/* End PBXProject section */

/* Begin PBXResourcesBuildPhase section */
		B0642E242A20B3440017D483 /* Resources */ = {
			isa = PBXResourcesBuildPhase;
			buildActionMask = 2147483647;
			files = (
				B0642E362A20B3480017D483 /* LaunchScreen.storyboard in Resources */,
				B0642E332A20B3480017D483 /* Assets.xcassets in Resources */,
			);
			runOnlyForDeploymentPostprocessing = 0;
		};
/* End PBXResourcesBuildPhase section */

/* Begin PBXSourcesBuildPhase section */
		B0642E222A20B3440017D483 /* Sources */ = {
			isa = PBXSourcesBuildPhase;
			buildActionMask = 2147483647;
			files = (
				B0642E482A20B7000017D483 /* ImagesListInteractor+Networking.swift in Sources */,
				B0642E502A2111D40017D483 /* ImagesListView.swift in Sources */,
				B0642E462A20B6D20017D483 /* ImagesListRouter.swift in Sources */,
				B0642E402A20B5F20017D483 /* ImagesListEntity.swift in Sources */,
				B0642E2E2A20B3440017D483 /* ImagesListViewController.swift in Sources */,
				B0642E422A20B6800017D483 /* ImagesListInteractor.swift in Sources */,
				B0EB05132A31F50800033E30 /* Image+CoreDataProperties.swift in Sources */,
				B0642E2A2A20B3440017D483 /* AppDelegate.swift in Sources */,
				B0642E442A20B6960017D483 /* ImagesListPresenter.swift in Sources */,
				B0642E2C2A20B3440017D483 /* SceneDelegate.swift in Sources */,
				B0642E4A2A20B7850017D483 /* ImagesListCellView.swift in Sources */,
				B0642E4C2A20E1D60017D483 /* ImagesListLoadingCellView.swift in Sources */,
				B0EB05102A31BE2A00033E30 /* Image+CoreDataClass.swift in Sources */,
				B0EB050C2A31BC5200033E30 /* Model.xcdatamodeld in Sources */,
			);
			runOnlyForDeploymentPostprocessing = 0;
		};
/* End PBXSourcesBuildPhase section */

/* Begin PBXVariantGroup section */
		B0642E342A20B3480017D483 /* LaunchScreen.storyboard */ = {
			isa = PBXVariantGroup;
			children = (
				B0642E352A20B3480017D483 /* Base */,
			);
			name = LaunchScreen.storyboard;
			sourceTree = "<group>";
		};
/* End PBXVariantGroup section */

/* Begin XCBuildConfiguration section */
		B0642E382A20B3480017D483 /* Debug */ = {
			isa = XCBuildConfiguration;
			buildSettings = {
				ALWAYS_SEARCH_USER_PATHS = NO;
				CLANG_ANALYZER_NONNULL = YES;
				CLANG_ANALYZER_NUMBER_OBJECT_CONVERSION = YES_AGGRESSIVE;
				CLANG_CXX_LANGUAGE_STANDARD = "gnu++20";
				CLANG_ENABLE_MODULES = YES;
				CLANG_ENABLE_OBJC_ARC = YES;
				CLANG_ENABLE_OBJC_WEAK = YES;
				CLANG_WARN_BLOCK_CAPTURE_AUTORELEASING = YES;
				CLANG_WARN_BOOL_CONVERSION = YES;
				CLANG_WARN_COMMA = YES;
				CLANG_WARN_CONSTANT_CONVERSION = YES;
				CLANG_WARN_DEPRECATED_OBJC_IMPLEMENTATIONS = YES;
				CLANG_WARN_DIRECT_OBJC_ISA_USAGE = YES_ERROR;
				CLANG_WARN_DOCUMENTATION_COMMENTS = YES;
				CLANG_WARN_EMPTY_BODY = YES;
				CLANG_WARN_ENUM_CONVERSION = YES;
				CLANG_WARN_INFINITE_RECURSION = YES;
				CLANG_WARN_INT_CONVERSION = YES;
				CLANG_WARN_NON_LITERAL_NULL_CONVERSION = YES;
				CLANG_WARN_OBJC_IMPLICIT_RETAIN_SELF = YES;
				CLANG_WARN_OBJC_LITERAL_CONVERSION = YES;
				CLANG_WARN_OBJC_ROOT_CLASS = YES_ERROR;
				CLANG_WARN_QUOTED_INCLUDE_IN_FRAMEWORK_HEADER = YES;
				CLANG_WARN_RANGE_LOOP_ANALYSIS = YES;
				CLANG_WARN_STRICT_PROTOTYPES = YES;
				CLANG_WARN_SUSPICIOUS_MOVE = YES;
				CLANG_WARN_UNGUARDED_AVAILABILITY = YES_AGGRESSIVE;
				CLANG_WARN_UNREACHABLE_CODE = YES;
				CLANG_WARN__DUPLICATE_METHOD_MATCH = YES;
				COPY_PHASE_STRIP = NO;
				DEBUG_INFORMATION_FORMAT = dwarf;
				ENABLE_STRICT_OBJC_MSGSEND = YES;
				ENABLE_TESTABILITY = YES;
				GCC_C_LANGUAGE_STANDARD = gnu11;
				GCC_DYNAMIC_NO_PIC = NO;
				GCC_NO_COMMON_BLOCKS = YES;
				GCC_OPTIMIZATION_LEVEL = 0;
				GCC_PREPROCESSOR_DEFINITIONS = (
					"DEBUG=1",
					"$(inherited)",
				);
				GCC_WARN_64_TO_32_BIT_CONVERSION = YES;
				GCC_WARN_ABOUT_RETURN_TYPE = YES_ERROR;
				GCC_WARN_UNDECLARED_SELECTOR = YES;
				GCC_WARN_UNINITIALIZED_AUTOS = YES_AGGRESSIVE;
				GCC_WARN_UNUSED_FUNCTION = YES;
				GCC_WARN_UNUSED_VARIABLE = YES;
				IPHONEOS_DEPLOYMENT_TARGET = 16.2;
				MTL_ENABLE_DEBUG_INFO = INCLUDE_SOURCE;
				MTL_FAST_MATH = YES;
				ONLY_ACTIVE_ARCH = YES;
				SDKROOT = iphoneos;
				SWIFT_ACTIVE_COMPILATION_CONDITIONS = DEBUG;
				SWIFT_OPTIMIZATION_LEVEL = "-Onone";
			};
			name = Debug;
		};
		B0642E392A20B3480017D483 /* Release */ = {
			isa = XCBuildConfiguration;
			buildSettings = {
				ALWAYS_SEARCH_USER_PATHS = NO;
				CLANG_ANALYZER_NONNULL = YES;
				CLANG_ANALYZER_NUMBER_OBJECT_CONVERSION = YES_AGGRESSIVE;
				CLANG_CXX_LANGUAGE_STANDARD = "gnu++20";
				CLANG_ENABLE_MODULES = YES;
				CLANG_ENABLE_OBJC_ARC = YES;
				CLANG_ENABLE_OBJC_WEAK = YES;
				CLANG_WARN_BLOCK_CAPTURE_AUTORELEASING = YES;
				CLANG_WARN_BOOL_CONVERSION = YES;
				CLANG_WARN_COMMA = YES;
				CLANG_WARN_CONSTANT_CONVERSION = YES;
				CLANG_WARN_DEPRECATED_OBJC_IMPLEMENTATIONS = YES;
				CLANG_WARN_DIRECT_OBJC_ISA_USAGE = YES_ERROR;
				CLANG_WARN_DOCUMENTATION_COMMENTS = YES;
				CLANG_WARN_EMPTY_BODY = YES;
				CLANG_WARN_ENUM_CONVERSION = YES;
				CLANG_WARN_INFINITE_RECURSION = YES;
				CLANG_WARN_INT_CONVERSION = YES;
				CLANG_WARN_NON_LITERAL_NULL_CONVERSION = YES;
				CLANG_WARN_OBJC_IMPLICIT_RETAIN_SELF = YES;
				CLANG_WARN_OBJC_LITERAL_CONVERSION = YES;
				CLANG_WARN_OBJC_ROOT_CLASS = YES_ERROR;
				CLANG_WARN_QUOTED_INCLUDE_IN_FRAMEWORK_HEADER = YES;
				CLANG_WARN_RANGE_LOOP_ANALYSIS = YES;
				CLANG_WARN_STRICT_PROTOTYPES = YES;
				CLANG_WARN_SUSPICIOUS_MOVE = YES;
				CLANG_WARN_UNGUARDED_AVAILABILITY = YES_AGGRESSIVE;
				CLANG_WARN_UNREACHABLE_CODE = YES;
				CLANG_WARN__DUPLICATE_METHOD_MATCH = YES;
				COPY_PHASE_STRIP = NO;
				DEBUG_INFORMATION_FORMAT = "dwarf-with-dsym";
				ENABLE_NS_ASSERTIONS = NO;
				ENABLE_STRICT_OBJC_MSGSEND = YES;
				GCC_C_LANGUAGE_STANDARD = gnu11;
				GCC_NO_COMMON_BLOCKS = YES;
				GCC_WARN_64_TO_32_BIT_CONVERSION = YES;
				GCC_WARN_ABOUT_RETURN_TYPE = YES_ERROR;
				GCC_WARN_UNDECLARED_SELECTOR = YES;
				GCC_WARN_UNINITIALIZED_AUTOS = YES_AGGRESSIVE;
				GCC_WARN_UNUSED_FUNCTION = YES;
				GCC_WARN_UNUSED_VARIABLE = YES;
				IPHONEOS_DEPLOYMENT_TARGET = 16.2;
				MTL_ENABLE_DEBUG_INFO = NO;
				MTL_FAST_MATH = YES;
				SDKROOT = iphoneos;
				SWIFT_COMPILATION_MODE = wholemodule;
				SWIFT_OPTIMIZATION_LEVEL = "-O";
				VALIDATE_PRODUCT = YES;
			};
			name = Release;
		};
		B0642E3B2A20B3480017D483 /* Debug */ = {
			isa = XCBuildConfiguration;
			buildSettings = {
				ASSETCATALOG_COMPILER_APPICON_NAME = AppIcon;
				ASSETCATALOG_COMPILER_GLOBAL_ACCENT_COLOR_NAME = AccentColor;
				CODE_SIGN_STYLE = Automatic;
				CURRENT_PROJECT_VERSION = 1;
				DEVELOPMENT_TEAM = 6HVH2XY748;
				GENERATE_INFOPLIST_FILE = YES;
				INFOPLIST_FILE = "homework-7/Info.plist";
				INFOPLIST_KEY_UIApplicationSupportsIndirectInputEvents = YES;
				INFOPLIST_KEY_UILaunchStoryboardName = LaunchScreen;
				INFOPLIST_KEY_UISupportedInterfaceOrientations_iPad = "UIInterfaceOrientationPortrait UIInterfaceOrientationPortraitUpsideDown UIInterfaceOrientationLandscapeLeft UIInterfaceOrientationLandscapeRight";
				INFOPLIST_KEY_UISupportedInterfaceOrientations_iPhone = "UIInterfaceOrientationPortrait UIInterfaceOrientationLandscapeLeft UIInterfaceOrientationLandscapeRight";
				LD_RUNPATH_SEARCH_PATHS = (
					"$(inherited)",
					"@executable_path/Frameworks",
				);
				MARKETING_VERSION = 1.0;
				PRODUCT_BUNDLE_IDENTIFIER = "iamkabulov.homework-7";
				PRODUCT_NAME = "$(TARGET_NAME)";
				SWIFT_EMIT_LOC_STRINGS = YES;
				SWIFT_VERSION = 5.0;
				TARGETED_DEVICE_FAMILY = "1,2";
			};
			name = Debug;
		};
		B0642E3C2A20B3480017D483 /* Release */ = {
			isa = XCBuildConfiguration;
			buildSettings = {
				ASSETCATALOG_COMPILER_APPICON_NAME = AppIcon;
				ASSETCATALOG_COMPILER_GLOBAL_ACCENT_COLOR_NAME = AccentColor;
				CODE_SIGN_STYLE = Automatic;
				CURRENT_PROJECT_VERSION = 1;
				DEVELOPMENT_TEAM = 6HVH2XY748;
				GENERATE_INFOPLIST_FILE = YES;
				INFOPLIST_FILE = "homework-7/Info.plist";
				INFOPLIST_KEY_UIApplicationSupportsIndirectInputEvents = YES;
				INFOPLIST_KEY_UILaunchStoryboardName = LaunchScreen;
				INFOPLIST_KEY_UISupportedInterfaceOrientations_iPad = "UIInterfaceOrientationPortrait UIInterfaceOrientationPortraitUpsideDown UIInterfaceOrientationLandscapeLeft UIInterfaceOrientationLandscapeRight";
				INFOPLIST_KEY_UISupportedInterfaceOrientations_iPhone = "UIInterfaceOrientationPortrait UIInterfaceOrientationLandscapeLeft UIInterfaceOrientationLandscapeRight";
				LD_RUNPATH_SEARCH_PATHS = (
					"$(inherited)",
					"@executable_path/Frameworks",
				);
				MARKETING_VERSION = 1.0;
				PRODUCT_BUNDLE_IDENTIFIER = "iamkabulov.homework-7";
				PRODUCT_NAME = "$(TARGET_NAME)";
				SWIFT_EMIT_LOC_STRINGS = YES;
				SWIFT_VERSION = 5.0;
				TARGETED_DEVICE_FAMILY = "1,2";
			};
			name = Release;
		};
/* End XCBuildConfiguration section */

/* Begin XCConfigurationList section */
		B0642E212A20B3440017D483 /* Build configuration list for PBXProject "homework-7" */ = {
			isa = XCConfigurationList;
			buildConfigurations = (
				B0642E382A20B3480017D483 /* Debug */,
				B0642E392A20B3480017D483 /* Release */,
			);
			defaultConfigurationIsVisible = 0;
			defaultConfigurationName = Release;
		};
		B0642E3A2A20B3480017D483 /* Build configuration list for PBXNativeTarget "homework-7" */ = {
			isa = XCConfigurationList;
			buildConfigurations = (
				B0642E3B2A20B3480017D483 /* Debug */,
				B0642E3C2A20B3480017D483 /* Release */,
			);
			defaultConfigurationIsVisible = 0;
			defaultConfigurationName = Release;
		};
/* End XCConfigurationList section */

/* Begin XCVersionGroup section */
		B0EB050A2A31BC5200033E30 /* Model.xcdatamodeld */ = {
			isa = XCVersionGroup;
			children = (
				B0EB050B2A31BC5200033E30 /* Model.xcdatamodel */,
			);
			currentVersion = B0EB050B2A31BC5200033E30 /* Model.xcdatamodel */;
			path = Model.xcdatamodeld;
			sourceTree = "<group>";
			versionGroupType = wrapper.xcdatamodel;
		};
/* End XCVersionGroup section */
	};
	rootObject = B0642E1E2A20B3440017D483 /* Project object */;
}
